// !$*UTF8*$!
{
	archiveVersion = 1;
	classes = {
	};
	objectVersion = 56;
	objects = {

/* Begin PBXBuildFile section */
		65875FA82B9C450F0024EB67 /* AppleLoginView.swift in Sources */ = {isa = PBXBuildFile; fileRef = 65875FA72B9C450F0024EB67 /* AppleLoginView.swift */; };
		F64CFD152B78471C001A505C /* CloneTodoApp.swift in Sources */ = {isa = PBXBuildFile; fileRef = F64CFD142B78471C001A505C /* CloneTodoApp.swift */; };
		F64CFD172B78471C001A505C /* ListView.swift in Sources */ = {isa = PBXBuildFile; fileRef = F64CFD162B78471C001A505C /* ListView.swift */; };
		F64CFD192B78471D001A505C /* Assets.xcassets in Resources */ = {isa = PBXBuildFile; fileRef = F64CFD182B78471D001A505C /* Assets.xcassets */; };
		F64CFD1C2B78471D001A505C /* Preview Assets.xcassets in Resources */ = {isa = PBXBuildFile; fileRef = F64CFD1B2B78471D001A505C /* Preview Assets.xcassets */; };
		F64CFD262B78471D001A505C /* cloneTodoAppTests.swift in Sources */ = {isa = PBXBuildFile; fileRef = F64CFD252B78471D001A505C /* cloneTodoAppTests.swift */; };
		F64CFD302B78471D001A505C /* cloneTodoAppUITests.swift in Sources */ = {isa = PBXBuildFile; fileRef = F64CFD2F2B78471D001A505C /* cloneTodoAppUITests.swift */; };
		F64CFD322B78471D001A505C /* cloneTodoAppUITestsLaunchTests.swift in Sources */ = {isa = PBXBuildFile; fileRef = F64CFD312B78471D001A505C /* cloneTodoAppUITestsLaunchTests.swift */; };
		F64CFD402B784CFE001A505C /* ItemModel.swift in Sources */ = {isa = PBXBuildFile; fileRef = F64CFD3F2B784CFE001A505C /* ItemModel.swift */; };
		F64CFD412B784CFE001A505C /* ItemModel.swift in Sources */ = {isa = PBXBuildFile; fileRef = F64CFD3F2B784CFE001A505C /* ItemModel.swift */; };
		F64CFD422B784CFE001A505C /* ItemModel.swift in Sources */ = {isa = PBXBuildFile; fileRef = F64CFD3F2B784CFE001A505C /* ItemModel.swift */; };
		F64CFD482B784F37001A505C /* ListRowView.swift in Sources */ = {isa = PBXBuildFile; fileRef = F64CFD472B784F37001A505C /* ListRowView.swift */; };
		F64CFD492B784F37001A505C /* ListRowView.swift in Sources */ = {isa = PBXBuildFile; fileRef = F64CFD472B784F37001A505C /* ListRowView.swift */; };
		F64CFD4A2B784F37001A505C /* ListRowView.swift in Sources */ = {isa = PBXBuildFile; fileRef = F64CFD472B784F37001A505C /* ListRowView.swift */; };
		F64CFD4D2B78574D001A505C /* ListViewModel.swift in Sources */ = {isa = PBXBuildFile; fileRef = F64CFD4C2B78574D001A505C /* ListViewModel.swift */; };
		F64CFD4E2B78574D001A505C /* ListViewModel.swift in Sources */ = {isa = PBXBuildFile; fileRef = F64CFD4C2B78574D001A505C /* ListViewModel.swift */; };
		F64CFD4F2B78574D001A505C /* ListViewModel.swift in Sources */ = {isa = PBXBuildFile; fileRef = F64CFD4C2B78574D001A505C /* ListViewModel.swift */; };
		F64CFD562B7868BA001A505C /* AddView.swift in Sources */ = {isa = PBXBuildFile; fileRef = F64CFD552B7868BA001A505C /* AddView.swift */; };
		F64CFD572B7868BA001A505C /* AddView.swift in Sources */ = {isa = PBXBuildFile; fileRef = F64CFD552B7868BA001A505C /* AddView.swift */; };
		F64CFD582B7868BA001A505C /* AddView.swift in Sources */ = {isa = PBXBuildFile; fileRef = F64CFD552B7868BA001A505C /* AddView.swift */; };
		F64CFD5A2B7873FC001A505C /* NoItemsView.swift in Sources */ = {isa = PBXBuildFile; fileRef = F64CFD592B7873FC001A505C /* NoItemsView.swift */; };
		F64CFD5B2B7873FC001A505C /* NoItemsView.swift in Sources */ = {isa = PBXBuildFile; fileRef = F64CFD592B7873FC001A505C /* NoItemsView.swift */; };
		F64CFD5C2B7873FC001A505C /* NoItemsView.swift in Sources */ = {isa = PBXBuildFile; fileRef = F64CFD592B7873FC001A505C /* NoItemsView.swift */; };
/* End PBXBuildFile section */

/* Begin PBXContainerItemProxy section */
		F64CFD222B78471D001A505C /* PBXContainerItemProxy */ = {
			isa = PBXContainerItemProxy;
			containerPortal = F64CFD092B78471C001A505C /* Project object */;
			proxyType = 1;
			remoteGlobalIDString = F64CFD102B78471C001A505C;
			remoteInfo = cloneTodoApp;
		};
		F64CFD2C2B78471D001A505C /* PBXContainerItemProxy */ = {
			isa = PBXContainerItemProxy;
			containerPortal = F64CFD092B78471C001A505C /* Project object */;
			proxyType = 1;
			remoteGlobalIDString = F64CFD102B78471C001A505C;
			remoteInfo = cloneTodoApp;
		};
/* End PBXContainerItemProxy section */

/* Begin PBXFileReference section */
		65875FA72B9C450F0024EB67 /* AppleLoginView.swift */ = {isa = PBXFileReference; lastKnownFileType = sourcecode.swift; path = AppleLoginView.swift; sourceTree = "<group>"; };
		65875FAB2B9D4A270024EB67 /* cloneTodoApp.entitlements */ = {isa = PBXFileReference; lastKnownFileType = text.plist.entitlements; path = cloneTodoApp.entitlements; sourceTree = "<group>"; };
		F64CFD112B78471C001A505C /* cloneTodoApp.app */ = {isa = PBXFileReference; explicitFileType = wrapper.application; includeInIndex = 0; path = cloneTodoApp.app; sourceTree = BUILT_PRODUCTS_DIR; };
		F64CFD142B78471C001A505C /* CloneTodoApp.swift */ = {isa = PBXFileReference; lastKnownFileType = sourcecode.swift; path = CloneTodoApp.swift; sourceTree = "<group>"; };
		F64CFD162B78471C001A505C /* ListView.swift */ = {isa = PBXFileReference; lastKnownFileType = sourcecode.swift; path = ListView.swift; sourceTree = "<group>"; };
		F64CFD182B78471D001A505C /* Assets.xcassets */ = {isa = PBXFileReference; lastKnownFileType = folder.assetcatalog; path = Assets.xcassets; sourceTree = "<group>"; };
		F64CFD1B2B78471D001A505C /* Preview Assets.xcassets */ = {isa = PBXFileReference; lastKnownFileType = folder.assetcatalog; path = "Preview Assets.xcassets"; sourceTree = "<group>"; };
		F64CFD212B78471D001A505C /* cloneTodoAppTests.xctest */ = {isa = PBXFileReference; explicitFileType = wrapper.cfbundle; includeInIndex = 0; path = cloneTodoAppTests.xctest; sourceTree = BUILT_PRODUCTS_DIR; };
		F64CFD252B78471D001A505C /* cloneTodoAppTests.swift */ = {isa = PBXFileReference; lastKnownFileType = sourcecode.swift; path = cloneTodoAppTests.swift; sourceTree = "<group>"; };
		F64CFD2B2B78471D001A505C /* cloneTodoAppUITests.xctest */ = {isa = PBXFileReference; explicitFileType = wrapper.cfbundle; includeInIndex = 0; path = cloneTodoAppUITests.xctest; sourceTree = BUILT_PRODUCTS_DIR; };
		F64CFD2F2B78471D001A505C /* cloneTodoAppUITests.swift */ = {isa = PBXFileReference; lastKnownFileType = sourcecode.swift; path = cloneTodoAppUITests.swift; sourceTree = "<group>"; };
		F64CFD312B78471D001A505C /* cloneTodoAppUITestsLaunchTests.swift */ = {isa = PBXFileReference; lastKnownFileType = sourcecode.swift; path = cloneTodoAppUITestsLaunchTests.swift; sourceTree = "<group>"; };
		F64CFD3F2B784CFE001A505C /* ItemModel.swift */ = {isa = PBXFileReference; lastKnownFileType = sourcecode.swift; path = ItemModel.swift; sourceTree = "<group>"; };
		F64CFD472B784F37001A505C /* ListRowView.swift */ = {isa = PBXFileReference; lastKnownFileType = sourcecode.swift; path = ListRowView.swift; sourceTree = "<group>"; };
		F64CFD4C2B78574D001A505C /* ListViewModel.swift */ = {isa = PBXFileReference; lastKnownFileType = sourcecode.swift; path = ListViewModel.swift; sourceTree = "<group>"; };
		F64CFD552B7868BA001A505C /* AddView.swift */ = {isa = PBXFileReference; lastKnownFileType = sourcecode.swift; path = AddView.swift; sourceTree = "<group>"; };
		F64CFD592B7873FC001A505C /* NoItemsView.swift */ = {isa = PBXFileReference; lastKnownFileType = sourcecode.swift; path = NoItemsView.swift; sourceTree = "<group>"; };
/* End PBXFileReference section */

/* Begin PBXFrameworksBuildPhase section */
		F64CFD0E2B78471C001A505C /* Frameworks */ = {
			isa = PBXFrameworksBuildPhase;
			buildActionMask = 2147483647;
			files = (
			);
			runOnlyForDeploymentPostprocessing = 0;
		};
		F64CFD1E2B78471D001A505C /* Frameworks */ = {
			isa = PBXFrameworksBuildPhase;
			buildActionMask = 2147483647;
			files = (
			);
			runOnlyForDeploymentPostprocessing = 0;
		};
		F64CFD282B78471D001A505C /* Frameworks */ = {
			isa = PBXFrameworksBuildPhase;
			buildActionMask = 2147483647;
			files = (
			);
			runOnlyForDeploymentPostprocessing = 0;
		};
/* End PBXFrameworksBuildPhase section */

/* Begin PBXGroup section */
		F64CFD082B78471C001A505C = {
			isa = PBXGroup;
			children = (
				F64CFD132B78471C001A505C /* cloneTodoApp */,
				F64CFD242B78471D001A505C /* cloneTodoAppTests */,
				F64CFD2E2B78471D001A505C /* cloneTodoAppUITests */,
				F64CFD122B78471C001A505C /* Products */,
			);
			sourceTree = "<group>";
		};
		F64CFD122B78471C001A505C /* Products */ = {
			isa = PBXGroup;
			children = (
				F64CFD112B78471C001A505C /* cloneTodoApp.app */,
				F64CFD212B78471D001A505C /* cloneTodoAppTests.xctest */,
				F64CFD2B2B78471D001A505C /* cloneTodoAppUITests.xctest */,
			);
			name = Products;
			sourceTree = "<group>";
		};
		F64CFD132B78471C001A505C /* cloneTodoApp */ = {
			isa = PBXGroup;
			children = (
				65875FAB2B9D4A270024EB67 /* cloneTodoApp.entitlements */,
				F64CFD542B785C52001A505C /* view */,
				F64CFD4B2B785741001A505C /* viewModel */,
				F64CFD3E2B784CE0001A505C /* data */,
				F64CFD142B78471C001A505C /* CloneTodoApp.swift */,
				65875FA72B9C450F0024EB67 /* AppleLoginView.swift */,
				F64CFD162B78471C001A505C /* ListView.swift */,
				F64CFD182B78471D001A505C /* Assets.xcassets */,
				F64CFD1A2B78471D001A505C /* Preview Content */,
			);
			path = cloneTodoApp;
			sourceTree = "<group>";
		};
		F64CFD1A2B78471D001A505C /* Preview Content */ = {
			isa = PBXGroup;
			children = (
				F64CFD1B2B78471D001A505C /* Preview Assets.xcassets */,
			);
			path = "Preview Content";
			sourceTree = "<group>";
		};
		F64CFD242B78471D001A505C /* cloneTodoAppTests */ = {
			isa = PBXGroup;
			children = (
				F64CFD252B78471D001A505C /* cloneTodoAppTests.swift */,
			);
			path = cloneTodoAppTests;
			sourceTree = "<group>";
		};
		F64CFD2E2B78471D001A505C /* cloneTodoAppUITests */ = {
			isa = PBXGroup;
			children = (
				F64CFD2F2B78471D001A505C /* cloneTodoAppUITests.swift */,
				F64CFD312B78471D001A505C /* cloneTodoAppUITestsLaunchTests.swift */,
			);
			path = cloneTodoAppUITests;
			sourceTree = "<group>";
		};
		F64CFD3E2B784CE0001A505C /* data */ = {
			isa = PBXGroup;
			children = (
				F64CFD3F2B784CFE001A505C /* ItemModel.swift */,
			);
			path = data;
			sourceTree = "<group>";
		};
		F64CFD4B2B785741001A505C /* viewModel */ = {
			isa = PBXGroup;
			children = (
				F64CFD4C2B78574D001A505C /* ListViewModel.swift */,
			);
			path = viewModel;
			sourceTree = "<group>";
		};
		F64CFD542B785C52001A505C /* view */ = {
			isa = PBXGroup;
			children = (
				F64CFD472B784F37001A505C /* ListRowView.swift */,
				F64CFD552B7868BA001A505C /* AddView.swift */,
				F64CFD592B7873FC001A505C /* NoItemsView.swift */,
			);
			path = view;
			sourceTree = "<group>";
		};
/* End PBXGroup section */

/* Begin PBXNativeTarget section */
		F64CFD102B78471C001A505C /* cloneTodoApp */ = {
			isa = PBXNativeTarget;
			buildConfigurationList = F64CFD352B78471D001A505C /* Build configuration list for PBXNativeTarget "cloneTodoApp" */;
			buildPhases = (
				F64CFD0D2B78471C001A505C /* Sources */,
				F64CFD0E2B78471C001A505C /* Frameworks */,
				F64CFD0F2B78471C001A505C /* Resources */,
			);
			buildRules = (
			);
			dependencies = (
			);
			name = cloneTodoApp;
			productName = cloneTodoApp;
			productReference = F64CFD112B78471C001A505C /* cloneTodoApp.app */;
			productType = "com.apple.product-type.application";
		};
		F64CFD202B78471D001A505C /* cloneTodoAppTests */ = {
			isa = PBXNativeTarget;
			buildConfigurationList = F64CFD382B78471D001A505C /* Build configuration list for PBXNativeTarget "cloneTodoAppTests" */;
			buildPhases = (
				F64CFD1D2B78471D001A505C /* Sources */,
				F64CFD1E2B78471D001A505C /* Frameworks */,
				F64CFD1F2B78471D001A505C /* Resources */,
			);
			buildRules = (
			);
			dependencies = (
				F64CFD232B78471D001A505C /* PBXTargetDependency */,
			);
			name = cloneTodoAppTests;
			productName = cloneTodoAppTests;
			productReference = F64CFD212B78471D001A505C /* cloneTodoAppTests.xctest */;
			productType = "com.apple.product-type.bundle.unit-test";
		};
		F64CFD2A2B78471D001A505C /* cloneTodoAppUITests */ = {
			isa = PBXNativeTarget;
			buildConfigurationList = F64CFD3B2B78471D001A505C /* Build configuration list for PBXNativeTarget "cloneTodoAppUITests" */;
			buildPhases = (
				F64CFD272B78471D001A505C /* Sources */,
				F64CFD282B78471D001A505C /* Frameworks */,
				F64CFD292B78471D001A505C /* Resources */,
			);
			buildRules = (
			);
			dependencies = (
				F64CFD2D2B78471D001A505C /* PBXTargetDependency */,
			);
			name = cloneTodoAppUITests;
			productName = cloneTodoAppUITests;
			productReference = F64CFD2B2B78471D001A505C /* cloneTodoAppUITests.xctest */;
			productType = "com.apple.product-type.bundle.ui-testing";
		};
/* End PBXNativeTarget section */

/* Begin PBXProject section */
		F64CFD092B78471C001A505C /* Project object */ = {
			isa = PBXProject;
			attributes = {
				BuildIndependentTargetsInParallel = 1;
				LastSwiftUpdateCheck = 1520;
				LastUpgradeCheck = 1520;
				TargetAttributes = {
					F64CFD102B78471C001A505C = {
						CreatedOnToolsVersion = 15.2;
					};
					F64CFD202B78471D001A505C = {
						CreatedOnToolsVersion = 15.2;
						TestTargetID = F64CFD102B78471C001A505C;
					};
					F64CFD2A2B78471D001A505C = {
						CreatedOnToolsVersion = 15.2;
						TestTargetID = F64CFD102B78471C001A505C;
					};
				};
			};
			buildConfigurationList = F64CFD0C2B78471C001A505C /* Build configuration list for PBXProject "cloneTodoApp" */;
			compatibilityVersion = "Xcode 14.0";
			developmentRegion = en;
			hasScannedForEncodings = 0;
			knownRegions = (
				en,
				Base,
			);
			mainGroup = F64CFD082B78471C001A505C;
			productRefGroup = F64CFD122B78471C001A505C /* Products */;
			projectDirPath = "";
			projectRoot = "";
			targets = (
				F64CFD102B78471C001A505C /* cloneTodoApp */,
				F64CFD202B78471D001A505C /* cloneTodoAppTests */,
				F64CFD2A2B78471D001A505C /* cloneTodoAppUITests */,
			);
		};
/* End PBXProject section */

/* Begin PBXResourcesBuildPhase section */
		F64CFD0F2B78471C001A505C /* Resources */ = {
			isa = PBXResourcesBuildPhase;
			buildActionMask = 2147483647;
			files = (
				F64CFD1C2B78471D001A505C /* Preview Assets.xcassets in Resources */,
				F64CFD192B78471D001A505C /* Assets.xcassets in Resources */,
			);
			runOnlyForDeploymentPostprocessing = 0;
		};
		F64CFD1F2B78471D001A505C /* Resources */ = {
			isa = PBXResourcesBuildPhase;
			buildActionMask = 2147483647;
			files = (
			);
			runOnlyForDeploymentPostprocessing = 0;
		};
		F64CFD292B78471D001A505C /* Resources */ = {
			isa = PBXResourcesBuildPhase;
			buildActionMask = 2147483647;
			files = (
			);
			runOnlyForDeploymentPostprocessing = 0;
		};
/* End PBXResourcesBuildPhase section */

/* Begin PBXSourcesBuildPhase section */
		F64CFD0D2B78471C001A505C /* Sources */ = {
			isa = PBXSourcesBuildPhase;
			buildActionMask = 2147483647;
			files = (
				F64CFD4D2B78574D001A505C /* ListViewModel.swift in Sources */,
				F64CFD402B784CFE001A505C /* ItemModel.swift in Sources */,
				F64CFD562B7868BA001A505C /* AddView.swift in Sources */,
				F64CFD172B78471C001A505C /* ListView.swift in Sources */,
				F64CFD152B78471C001A505C /* CloneTodoApp.swift in Sources */,
				65875FA82B9C450F0024EB67 /* AppleLoginView.swift in Sources */,
				F64CFD5A2B7873FC001A505C /* NoItemsView.swift in Sources */,
				F64CFD482B784F37001A505C /* ListRowView.swift in Sources */,
			);
			runOnlyForDeploymentPostprocessing = 0;
		};
		F64CFD1D2B78471D001A505C /* Sources */ = {
			isa = PBXSourcesBuildPhase;
			buildActionMask = 2147483647;
			files = (
				F64CFD412B784CFE001A505C /* ItemModel.swift in Sources */,
				F64CFD262B78471D001A505C /* cloneTodoAppTests.swift in Sources */,
				F64CFD5B2B7873FC001A505C /* NoItemsView.swift in Sources */,
				F64CFD572B7868BA001A505C /* AddView.swift in Sources */,
				F64CFD4E2B78574D001A505C /* ListViewModel.swift in Sources */,
				F64CFD492B784F37001A505C /* ListRowView.swift in Sources */,
			);
			runOnlyForDeploymentPostprocessing = 0;
		};
		F64CFD272B78471D001A505C /* Sources */ = {
			isa = PBXSourcesBuildPhase;
			buildActionMask = 2147483647;
			files = (
				F64CFD4F2B78574D001A505C /* ListViewModel.swift in Sources */,
				F64CFD422B784CFE001A505C /* ItemModel.swift in Sources */,
				F64CFD582B7868BA001A505C /* AddView.swift in Sources */,
				F64CFD322B78471D001A505C /* cloneTodoAppUITestsLaunchTests.swift in Sources */,
				F64CFD302B78471D001A505C /* cloneTodoAppUITests.swift in Sources */,
				F64CFD5C2B7873FC001A505C /* NoItemsView.swift in Sources */,
				F64CFD4A2B784F37001A505C /* ListRowView.swift in Sources */,
			);
			runOnlyForDeploymentPostprocessing = 0;
		};
/* End PBXSourcesBuildPhase section */

/* Begin PBXTargetDependency section */
		F64CFD232B78471D001A505C /* PBXTargetDependency */ = {
			isa = PBXTargetDependency;
			target = F64CFD102B78471C001A505C /* cloneTodoApp */;
			targetProxy = F64CFD222B78471D001A505C /* PBXContainerItemProxy */;
		};
		F64CFD2D2B78471D001A505C /* PBXTargetDependency */ = {
			isa = PBXTargetDependency;
			target = F64CFD102B78471C001A505C /* cloneTodoApp */;
			targetProxy = F64CFD2C2B78471D001A505C /* PBXContainerItemProxy */;
		};
/* End PBXTargetDependency section */

/* Begin XCBuildConfiguration section */
		F64CFD332B78471D001A505C /* Debug */ = {
			isa = XCBuildConfiguration;
			buildSettings = {
				ALWAYS_SEARCH_USER_PATHS = NO;
				ASSETCATALOG_COMPILER_GENERATE_SWIFT_ASSET_SYMBOL_EXTENSIONS = YES;
				CLANG_ANALYZER_NONNULL = YES;
				CLANG_ANALYZER_NUMBER_OBJECT_CONVERSION = YES_AGGRESSIVE;
				CLANG_CXX_LANGUAGE_STANDARD = "gnu++20";
				CLANG_ENABLE_MODULES = YES;
				CLANG_ENABLE_OBJC_ARC = YES;
				CLANG_ENABLE_OBJC_WEAK = YES;
				CLANG_WARN_BLOCK_CAPTURE_AUTORELEASING = YES;
				CLANG_WARN_BOOL_CONVERSION = YES;
				CLANG_WARN_COMMA = YES;
				CLANG_WARN_CONSTANT_CONVERSION = YES;
				CLANG_WARN_DEPRECATED_OBJC_IMPLEMENTATIONS = YES;
				CLANG_WARN_DIRECT_OBJC_ISA_USAGE = YES_ERROR;
				CLANG_WARN_DOCUMENTATION_COMMENTS = YES;
				CLANG_WARN_EMPTY_BODY = YES;
				CLANG_WARN_ENUM_CONVERSION = YES;
				CLANG_WARN_INFINITE_RECURSION = YES;
				CLANG_WARN_INT_CONVERSION = YES;
				CLANG_WARN_NON_LITERAL_NULL_CONVERSION = YES;
				CLANG_WARN_OBJC_IMPLICIT_RETAIN_SELF = YES;
				CLANG_WARN_OBJC_LITERAL_CONVERSION = YES;
				CLANG_WARN_OBJC_ROOT_CLASS = YES_ERROR;
				CLANG_WARN_QUOTED_INCLUDE_IN_FRAMEWORK_HEADER = YES;
				CLANG_WARN_RANGE_LOOP_ANALYSIS = YES;
				CLANG_WARN_STRICT_PROTOTYPES = YES;
				CLANG_WARN_SUSPICIOUS_MOVE = YES;
				CLANG_WARN_UNGUARDED_AVAILABILITY = YES_AGGRESSIVE;
				CLANG_WARN_UNREACHABLE_CODE = YES;
				CLANG_WARN__DUPLICATE_METHOD_MATCH = YES;
				COPY_PHASE_STRIP = NO;
				DEBUG_INFORMATION_FORMAT = dwarf;
				ENABLE_STRICT_OBJC_MSGSEND = YES;
				ENABLE_TESTABILITY = YES;
				ENABLE_USER_SCRIPT_SANDBOXING = YES;
				GCC_C_LANGUAGE_STANDARD = gnu17;
				GCC_DYNAMIC_NO_PIC = NO;
				GCC_NO_COMMON_BLOCKS = YES;
				GCC_OPTIMIZATION_LEVEL = 0;
				GCC_PREPROCESSOR_DEFINITIONS = (
					"DEBUG=1",
					"$(inherited)",
				);
				GCC_WARN_64_TO_32_BIT_CONVERSION = YES;
				GCC_WARN_ABOUT_RETURN_TYPE = YES_ERROR;
				GCC_WARN_UNDECLARED_SELECTOR = YES;
				GCC_WARN_UNINITIALIZED_AUTOS = YES_AGGRESSIVE;
				GCC_WARN_UNUSED_FUNCTION = YES;
				GCC_WARN_UNUSED_VARIABLE = YES;
				IPHONEOS_DEPLOYMENT_TARGET = 15.0;
				LOCALIZATION_PREFERS_STRING_CATALOGS = YES;
				MTL_ENABLE_DEBUG_INFO = INCLUDE_SOURCE;
				MTL_FAST_MATH = YES;
				ONLY_ACTIVE_ARCH = YES;
				SDKROOT = iphoneos;
				SWIFT_ACTIVE_COMPILATION_CONDITIONS = "DEBUG $(inherited)";
				SWIFT_OPTIMIZATION_LEVEL = "-Onone";
			};
			name = Debug;
		};
		F64CFD342B78471D001A505C /* Release */ = {
			isa = XCBuildConfiguration;
			buildSettings = {
				ALWAYS_SEARCH_USER_PATHS = NO;
				ASSETCATALOG_COMPILER_GENERATE_SWIFT_ASSET_SYMBOL_EXTENSIONS = YES;
				CLANG_ANALYZER_NONNULL = YES;
				CLANG_ANALYZER_NUMBER_OBJECT_CONVERSION = YES_AGGRESSIVE;
				CLANG_CXX_LANGUAGE_STANDARD = "gnu++20";
				CLANG_ENABLE_MODULES = YES;
				CLANG_ENABLE_OBJC_ARC = YES;
				CLANG_ENABLE_OBJC_WEAK = YES;
				CLANG_WARN_BLOCK_CAPTURE_AUTORELEASING = YES;
				CLANG_WARN_BOOL_CONVERSION = YES;
				CLANG_WARN_COMMA = YES;
				CLANG_WARN_CONSTANT_CONVERSION = YES;
				CLANG_WARN_DEPRECATED_OBJC_IMPLEMENTATIONS = YES;
				CLANG_WARN_DIRECT_OBJC_ISA_USAGE = YES_ERROR;
				CLANG_WARN_DOCUMENTATION_COMMENTS = YES;
				CLANG_WARN_EMPTY_BODY = YES;
				CLANG_WARN_ENUM_CONVERSION = YES;
				CLANG_WARN_INFINITE_RECURSION = YES;
				CLANG_WARN_INT_CONVERSION = YES;
				CLANG_WARN_NON_LITERAL_NULL_CONVERSION = YES;
				CLANG_WARN_OBJC_IMPLICIT_RETAIN_SELF = YES;
				CLANG_WARN_OBJC_LITERAL_CONVERSION = YES;
				CLANG_WARN_OBJC_ROOT_CLASS = YES_ERROR;
				CLANG_WARN_QUOTED_INCLUDE_IN_FRAMEWORK_HEADER = YES;
				CLANG_WARN_RANGE_LOOP_ANALYSIS = YES;
				CLANG_WARN_STRICT_PROTOTYPES = YES;
				CLANG_WARN_SUSPICIOUS_MOVE = YES;
				CLANG_WARN_UNGUARDED_AVAILABILITY = YES_AGGRESSIVE;
				CLANG_WARN_UNREACHABLE_CODE = YES;
				CLANG_WARN__DUPLICATE_METHOD_MATCH = YES;
				COPY_PHASE_STRIP = NO;
				DEBUG_INFORMATION_FORMAT = "dwarf-with-dsym";
				ENABLE_NS_ASSERTIONS = NO;
				ENABLE_STRICT_OBJC_MSGSEND = YES;
				ENABLE_USER_SCRIPT_SANDBOXING = YES;
				GCC_C_LANGUAGE_STANDARD = gnu17;
				GCC_NO_COMMON_BLOCKS = YES;
				GCC_WARN_64_TO_32_BIT_CONVERSION = YES;
				GCC_WARN_ABOUT_RETURN_TYPE = YES_ERROR;
				GCC_WARN_UNDECLARED_SELECTOR = YES;
				GCC_WARN_UNINITIALIZED_AUTOS = YES_AGGRESSIVE;
				GCC_WARN_UNUSED_FUNCTION = YES;
				GCC_WARN_UNUSED_VARIABLE = YES;
				IPHONEOS_DEPLOYMENT_TARGET = 15.0;
				LOCALIZATION_PREFERS_STRING_CATALOGS = YES;
				MTL_ENABLE_DEBUG_INFO = NO;
				MTL_FAST_MATH = YES;
				SDKROOT = iphoneos;
				SWIFT_COMPILATION_MODE = wholemodule;
				VALIDATE_PRODUCT = YES;
			};
			name = Release;
		};
		F64CFD362B78471D001A505C /* Debug */ = {
			isa = XCBuildConfiguration;
			buildSettings = {
				ASSETCATALOG_COMPILER_APPICON_NAME = AppIcon;
				ASSETCATALOG_COMPILER_GLOBAL_ACCENT_COLOR_NAME = AccentColor;
				CODE_SIGN_ENTITLEMENTS = cloneTodoApp/cloneTodoApp.entitlements;
				CODE_SIGN_STYLE = Automatic;
				CURRENT_PROJECT_VERSION = 1;
				DEVELOPMENT_ASSET_PATHS = "\"cloneTodoApp/Preview Content\"";
				DEVELOPMENT_TEAM = S6G8GCMNZY;
				ENABLE_PREVIEWS = YES;
				GENERATE_INFOPLIST_FILE = YES;
				INFOPLIST_KEY_UIApplicationSceneManifest_Generation = YES;
				INFOPLIST_KEY_UIApplicationSupportsIndirectInputEvents = YES;
				INFOPLIST_KEY_UILaunchScreen_Generation = YES;
				INFOPLIST_KEY_UISupportedInterfaceOrientations_iPad = "UIInterfaceOrientationPortrait UIInterfaceOrientationPortraitUpsideDown UIInterfaceOrientationLandscapeLeft UIInterfaceOrientationLandscapeRight";
				INFOPLIST_KEY_UISupportedInterfaceOrientations_iPhone = "UIInterfaceOrientationPortrait UIInterfaceOrientationLandscapeLeft UIInterfaceOrientationLandscapeRight";
				LD_RUNPATH_SEARCH_PATHS = (
					"$(inherited)",
					"@executable_path/Frameworks",
				);
				MARKETING_VERSION = 1.0;
				PRODUCT_BUNDLE_IDENTIFIER = com.mayday.cloneTodoApp;
				PRODUCT_NAME = "$(TARGET_NAME)";
				SWIFT_EMIT_LOC_STRINGS = YES;
				SWIFT_VERSION = 5.0;
				TARGETED_DEVICE_FAMILY = "1,2";
			};
			name = Debug;
		};
		F64CFD372B78471D001A505C /* Release */ = {
			isa = XCBuildConfiguration;
			buildSettings = {
				ASSETCATALOG_COMPILER_APPICON_NAME = AppIcon;
				ASSETCATALOG_COMPILER_GLOBAL_ACCENT_COLOR_NAME = AccentColor;
				CODE_SIGN_ENTITLEMENTS = cloneTodoApp/cloneTodoApp.entitlements;
				CODE_SIGN_STYLE = Automatic;
				CURRENT_PROJECT_VERSION = 1;
				DEVELOPMENT_ASSET_PATHS = "\"cloneTodoApp/Preview Content\"";
				DEVELOPMENT_TEAM = S6G8GCMNZY;
				ENABLE_PREVIEWS = YES;
				GENERATE_INFOPLIST_FILE = YES;
				INFOPLIST_KEY_UIApplicationSceneManifest_Generation = YES;
				INFOPLIST_KEY_UIApplicationSupportsIndirectInputEvents = YES;
				INFOPLIST_KEY_UILaunchScreen_Generation = YES;
				INFOPLIST_KEY_UISupportedInterfaceOrientations_iPad = "UIInterfaceOrientationPortrait UIInterfaceOrientationPortraitUpsideDown UIInterfaceOrientationLandscapeLeft UIInterfaceOrientationLandscapeRight";
				INFOPLIST_KEY_UISupportedInterfaceOrientations_iPhone = "UIInterfaceOrientationPortrait UIInterfaceOrientationLandscapeLeft UIInterfaceOrientationLandscapeRight";
				LD_RUNPATH_SEARCH_PATHS = (
					"$(inherited)",
					"@executable_path/Frameworks",
				);
				MARKETING_VERSION = 1.0;
				PRODUCT_BUNDLE_IDENTIFIER = com.mayday.cloneTodoApp;
				PRODUCT_NAME = "$(TARGET_NAME)";
				SWIFT_EMIT_LOC_STRINGS = YES;
				SWIFT_VERSION = 5.0;
				TARGETED_DEVICE_FAMILY = "1,2";
			};
			name = Release;
		};
		F64CFD392B78471D001A505C /* Debug */ = {
			isa = XCBuildConfiguration;
			buildSettings = {
				ALWAYS_EMBED_SWIFT_STANDARD_LIBRARIES = YES;
				BUNDLE_LOADER = "$(TEST_HOST)";
				CODE_SIGN_STYLE = Automatic;
				CURRENT_PROJECT_VERSION = 1;
				GENERATE_INFOPLIST_FILE = YES;
				IPHONEOS_DEPLOYMENT_TARGET = 17.2;
				MARKETING_VERSION = 1.0;
				PRODUCT_BUNDLE_IDENTIFIER = com.justPractice.cloneTodoAppTests;
				PRODUCT_NAME = "$(TARGET_NAME)";
				SWIFT_EMIT_LOC_STRINGS = NO;
				SWIFT_VERSION = 5.0;
				TARGETED_DEVICE_FAMILY = "1,2";
				TEST_HOST = "$(BUILT_PRODUCTS_DIR)/cloneTodoApp.app/$(BUNDLE_EXECUTABLE_FOLDER_PATH)/cloneTodoApp";
			};
			name = Debug;
		};
		F64CFD3A2B78471D001A505C /* Release */ = {
			isa = XCBuildConfiguration;
			buildSettings = {
				ALWAYS_EMBED_SWIFT_STANDARD_LIBRARIES = YES;
				BUNDLE_LOADER = "$(TEST_HOST)";
				CODE_SIGN_STYLE = Automatic;
				CURRENT_PROJECT_VERSION = 1;
				GENERATE_INFOPLIST_FILE = YES;
				IPHONEOS_DEPLOYMENT_TARGET = 17.2;
				MARKETING_VERSION = 1.0;
				PRODUCT_BUNDLE_IDENTIFIER = com.justPractice.cloneTodoAppTests;
				PRODUCT_NAME = "$(TARGET_NAME)";
				SWIFT_EMIT_LOC_STRINGS = NO;
				SWIFT_VERSION = 5.0;
				TARGETED_DEVICE_FAMILY = "1,2";
				TEST_HOST = "$(BUILT_PRODUCTS_DIR)/cloneTodoApp.app/$(BUNDLE_EXECUTABLE_FOLDER_PATH)/cloneTodoApp";
			};
			name = Release;
		};
		F64CFD3C2B78471D001A505C /* Debug */ = {
			isa = XCBuildConfiguration;
			buildSettings = {
				ALWAYS_EMBED_SWIFT_STANDARD_LIBRARIES = YES;
				CODE_SIGN_STYLE = Automatic;
				CURRENT_PROJECT_VERSION = 1;
				GENERATE_INFOPLIST_FILE = YES;
				MARKETING_VERSION = 1.0;
				PRODUCT_BUNDLE_IDENTIFIER = com.justPractice.cloneTodoAppUITests;
				PRODUCT_NAME = "$(TARGET_NAME)";
				SWIFT_EMIT_LOC_STRINGS = NO;
				SWIFT_VERSION = 5.0;
				TARGETED_DEVICE_FAMILY = "1,2";
				TEST_TARGET_NAME = cloneTodoApp;
			};
			name = Debug;
		};
		F64CFD3D2B78471D001A505C /* Release */ = {
			isa = XCBuildConfiguration;
			buildSettings = {
				ALWAYS_EMBED_SWIFT_STANDARD_LIBRARIES = YES;
				CODE_SIGN_STYLE = Automatic;
				CURRENT_PROJECT_VERSION = 1;
				GENERATE_INFOPLIST_FILE = YES;
				MARKETING_VERSION = 1.0;
				PRODUCT_BUNDLE_IDENTIFIER = com.justPractice.cloneTodoAppUITests;
				PRODUCT_NAME = "$(TARGET_NAME)";
				SWIFT_EMIT_LOC_STRINGS = NO;
				SWIFT_VERSION = 5.0;
				TARGETED_DEVICE_FAMILY = "1,2";
				TEST_TARGET_NAME = cloneTodoApp;
			};
			name = Release;
		};
/* End XCBuildConfiguration section */

/* Begin XCConfigurationList section */
		F64CFD0C2B78471C001A505C /* Build configuration list for PBXProject "cloneTodoApp" */ = {
			isa = XCConfigurationList;
			buildConfigurations = (
				F64CFD332B78471D001A505C /* Debug */,
				F64CFD342B78471D001A505C /* Release */,
			);
			defaultConfigurationIsVisible = 0;
			defaultConfigurationName = Release;
		};
		F64CFD352B78471D001A505C /* Build configuration list for PBXNativeTarget "cloneTodoApp" */ = {
			isa = XCConfigurationList;
			buildConfigurations = (
				F64CFD362B78471D001A505C /* Debug */,
				F64CFD372B78471D001A505C /* Release */,
			);
			defaultConfigurationIsVisible = 0;
			defaultConfigurationName = Release;
		};
		F64CFD382B78471D001A505C /* Build configuration list for PBXNativeTarget "cloneTodoAppTests" */ = {
			isa = XCConfigurationList;
			buildConfigurations = (
				F64CFD392B78471D001A505C /* Debug */,
				F64CFD3A2B78471D001A505C /* Release */,
			);
			defaultConfigurationIsVisible = 0;
			defaultConfigurationName = Release;
		};
		F64CFD3B2B78471D001A505C /* Build configuration list for PBXNativeTarget "cloneTodoAppUITests" */ = {
			isa = XCConfigurationList;
			buildConfigurations = (
				F64CFD3C2B78471D001A505C /* Debug */,
				F64CFD3D2B78471D001A505C /* Release */,
			);
			defaultConfigurationIsVisible = 0;
			defaultConfigurationName = Release;
		};
/* End XCConfigurationList section */
	};
	rootObject = F64CFD092B78471C001A505C /* Project object */;
}
